
Microsoft Visual Studio Solution File, Format Version 12.00
Project("{FAE04EC0-301F-11D3-BF4B-00C04F79EFBC}") = "GeminiCliVoice", "GeminiCliVoice\GeminiCliVoice.csproj", "{D42C612E-74AF-4C10-B00F-E28AE7B222B1}"
EndProject
Global
	GlobalSection(SolutionConfigurationPlatforms) = preSolution
		Debug|Any CPU = Debug|Any CPU
		Release|Any CPU = Release|Any CPU
	EndGlobalSection
	GlobalSection(ProjectConfigurationPlatforms) = postSolution
		{D42C612E-74AF-4C10-B00F-E28AE7B222B1}.Debug|Any CPU.ActiveCfg = Debug|Any CPU
		{D42C612E-74AF-4C10-B00F-E28AE7B222B1}.Debug|Any CPU.Build.0 = Debug|Any CPU
		{D42C612E-74AF-4C10-B00F-E28AE7B222B1}.Release|Any CPU.ActiveCfg = Release|Any CPU
		{D42C612E-74AF-4C10-B00F-E28AE7B222B1}.Release|Any CPU.Build.0 = Release|Any CPU
	EndGlobalSection
EndGlobal
